github.com/aherve/gopool v1.0.0 h1:EuwAM0faokgRvYbbigt4vRnidWHMUflJjreESK5z1jg=
github.com/aherve/gopool v1.0.0/go.mod h1:hrsW0RsJlm1+mIVXlRZuytQD2Ry952WLw0PPnOp3Rh4=
github.com/jmoiron/jsonq v0.0.0-20150511023944-e874b168d07e h1:ZZCvgaRDZg1gC9/1xrsgaJzQUCQgniKtw0xjWywWAOE=
github.com/jmoiron/jsonq v0.0.0-20150511023944-e874b168d07e/go.mod h1:+rHyWac2R9oAZwFe1wGY2HBzFJJy++RHBg1cU23NkD8=
